// !$*UTF8*$!
{
	archiveVersion = 1;
	classes = {
	};
	objectVersion = 46;
	objects = {

/* Begin PBXBuildFile section */
		422A033C1DAD0909009A5D72 /* IPAddress.c in Sources */ = {isa = PBXBuildFile; fileRef = 422A033A1DAD0909009A5D72 /* IPAddress.c */; };
		422A033F1DAD138B009A5D72 /* RemoteMac.c in Sources */ = {isa = PBXBuildFile; fileRef = 422A033D1DAD138B009A5D72 /* RemoteMac.c */; };
		42ABEFDC1DA67FF4004D44E2 /* AppDelegate.m in Sources */ = {isa = PBXBuildFile; fileRef = 42ABEFDB1DA67FF4004D44E2 /* AppDelegate.m */; };
		42ABEFDF1DA67FF4004D44E2 /* main.m in Sources */ = {isa = PBXBuildFile; fileRef = 42ABEFDE1DA67FF4004D44E2 /* main.m */; };
		42ABEFE21DA67FF4004D44E2 /* ViewController.m in Sources */ = {isa = PBXBuildFile; fileRef = 42ABEFE11DA67FF4004D44E2 /* ViewController.m */; };
		42ABEFE41DA67FF4004D44E2 /* Assets.xcassets in Resources */ = {isa = PBXBuildFile; fileRef = 42ABEFE31DA67FF4004D44E2 /* Assets.xcassets */; };
		42ABEFE71DA67FF4004D44E2 /* Main.storyboard in Resources */ = {isa = PBXBuildFile; fileRef = 42ABEFE51DA67FF4004D44E2 /* Main.storyboard */; };
/* End PBXBuildFile section */

/* Begin PBXFileReference section */
		422A033A1DAD0909009A5D72 /* IPAddress.c */ = {isa = PBXFileReference; fileEncoding = 4; lastKnownFileType = sourcecode.c.c; path = IPAddress.c; sourceTree = "<group>"; };
		422A033B1DAD0909009A5D72 /* IPAddress.h */ = {isa = PBXFileReference; fileEncoding = 4; lastKnownFileType = sourcecode.c.h; path = IPAddress.h; sourceTree = "<group>"; };
		422A033D1DAD138B009A5D72 /* RemoteMac.c */ = {isa = PBXFileReference; fileEncoding = 4; lastKnownFileType = sourcecode.c.c; path = RemoteMac.c; sourceTree = "<group>"; };
		422A033E1DAD138B009A5D72 /* RemoteMac.h */ = {isa = PBXFileReference; fileEncoding = 4; lastKnownFileType = sourcecode.c.h; path = RemoteMac.h; sourceTree = "<group>"; };
		42ABEFD71DA67FF4004D44E2 /* FindMyPi.app */ = {isa = PBXFileReference; explicitFileType = wrapper.application; includeInIndex = 0; path = FindMyPi.app; sourceTree = BUILT_PRODUCTS_DIR; };
		42ABEFDA1DA67FF4004D44E2 /* AppDelegate.h */ = {isa = PBXFileReference; lastKnownFileType = sourcecode.c.h; path = AppDelegate.h; sourceTree = "<group>"; };
		42ABEFDB1DA67FF4004D44E2 /* AppDelegate.m */ = {isa = PBXFileReference; lastKnownFileType = sourcecode.c.objc; path = AppDelegate.m; sourceTree = "<group>"; };
		42ABEFDE1DA67FF4004D44E2 /* main.m */ = {isa = PBXFileReference; lastKnownFileType = sourcecode.c.objc; path = main.m; sourceTree = "<group>"; };
		42ABEFE01DA67FF4004D44E2 /* ViewController.h */ = {isa = PBXFileReference; lastKnownFileType = sourcecode.c.h; path = ViewController.h; sourceTree = "<group>"; };
		42ABEFE11DA67FF4004D44E2 /* ViewController.m */ = {isa = PBXFileReference; lastKnownFileType = sourcecode.c.objc; path = ViewController.m; sourceTree = "<group>"; };
		42ABEFE31DA67FF4004D44E2 /* Assets.xcassets */ = {isa = PBXFileReference; lastKnownFileType = folder.assetcatalog; path = Assets.xcassets; sourceTree = "<group>"; };
		42ABEFE61DA67FF4004D44E2 /* Base */ = {isa = PBXFileReference; lastKnownFileType = file.storyboard; name = Base; path = Base.lproj/Main.storyboard; sourceTree = "<group>"; };
		42ABEFE81DA67FF4004D44E2 /* Info.plist */ = {isa = PBXFileReference; lastKnownFileType = text.plist.xml; path = Info.plist; sourceTree = "<group>"; };
		42ABEFEE1DA7B6E0004D44E2 /* FindMyPi.entitlements */ = {isa = PBXFileReference; lastKnownFileType = text.plist.entitlements; path = FindMyPi.entitlements; sourceTree = "<group>"; };
/* End PBXFileReference section */

/* Begin PBXFrameworksBuildPhase section */
		42ABEFD41DA67FF4004D44E2 /* Frameworks */ = {
			isa = PBXFrameworksBuildPhase;
			buildActionMask = 2147483647;
			files = (
			);
			runOnlyForDeploymentPostprocessing = 0;
		};
/* End PBXFrameworksBuildPhase section */

/* Begin PBXGroup section */
		42ABEFCE1DA67FF4004D44E2 = {
			isa = PBXGroup;
			children = (
				42ABEFD91DA67FF4004D44E2 /* FindMyPi */,
				42ABEFD81DA67FF4004D44E2 /* Products */,
			);
			sourceTree = "<group>";
		};
		42ABEFD81DA67FF4004D44E2 /* Products */ = {
			isa = PBXGroup;
			children = (
				42ABEFD71DA67FF4004D44E2 /* FindMyPi.app */,
			);
			name = Products;
			sourceTree = "<group>";
		};
		42ABEFD91DA67FF4004D44E2 /* FindMyPi */ = {
			isa = PBXGroup;
			children = (
				42ABEFEE1DA7B6E0004D44E2 /* FindMyPi.entitlements */,
				42ABEFDA1DA67FF4004D44E2 /* AppDelegate.h */,
				42ABEFDB1DA67FF4004D44E2 /* AppDelegate.m */,
				42ABEFE01DA67FF4004D44E2 /* ViewController.h */,
				42ABEFE11DA67FF4004D44E2 /* ViewController.m */,
				42ABEFE31DA67FF4004D44E2 /* Assets.xcassets */,
				42ABEFE51DA67FF4004D44E2 /* Main.storyboard */,
				42ABEFE81DA67FF4004D44E2 /* Info.plist */,
				42ABEFDD1DA67FF4004D44E2 /* Supporting Files */,
				422A033B1DAD0909009A5D72 /* IPAddress.h */,
				422A033A1DAD0909009A5D72 /* IPAddress.c */,
				422A033D1DAD138B009A5D72 /* RemoteMac.c */,
				422A033E1DAD138B009A5D72 /* RemoteMac.h */,
			);
			path = FindMyPi;
			sourceTree = "<group>";
		};
		42ABEFDD1DA67FF4004D44E2 /* Supporting Files */ = {
			isa = PBXGroup;
			children = (
				42ABEFDE1DA67FF4004D44E2 /* main.m */,
			);
			name = "Supporting Files";
			sourceTree = "<group>";
		};
/* End PBXGroup section */

/* Begin PBXNativeTarget section */
		42ABEFD61DA67FF4004D44E2 /* FindMyPi */ = {
			isa = PBXNativeTarget;
			buildConfigurationList = 42ABEFEB1DA67FF4004D44E2 /* Build configuration list for PBXNativeTarget "FindMyPi" */;
			buildPhases = (
				42ABEFD31DA67FF4004D44E2 /* Sources */,
				42ABEFD41DA67FF4004D44E2 /* Frameworks */,
				42ABEFD51DA67FF4004D44E2 /* Resources */,
			);
			buildRules = (
			);
			dependencies = (
			);
			name = FindMyPi;
			productName = FindMyPi;
			productReference = 42ABEFD71DA67FF4004D44E2 /* FindMyPi.app */;
			productType = "com.apple.product-type.application";
		};
/* End PBXNativeTarget section */

/* Begin PBXProject section */
		42ABEFCF1DA67FF4004D44E2 /* Project object */ = {
			isa = PBXProject;
			attributes = {
				LastUpgradeCheck = 0800;
				ORGANIZATIONNAME = "Justin Snow";
				TargetAttributes = {
					42ABEFD61DA67FF4004D44E2 = {
						CreatedOnToolsVersion = 8.0;
						DevelopmentTeam = FTUT2Q4H5G;
						ProvisioningStyle = Automatic;
						SystemCapabilities = {
							com.apple.Sandbox = {
								enabled = 1;
							};
						};
					};
				};
			};
			buildConfigurationList = 42ABEFD21DA67FF4004D44E2 /* Build configuration list for PBXProject "FindMyPi" */;
			compatibilityVersion = "Xcode 3.2";
			developmentRegion = English;
			hasScannedForEncodings = 0;
			knownRegions = (
				en,
				Base,
			);
			mainGroup = 42ABEFCE1DA67FF4004D44E2;
			productRefGroup = 42ABEFD81DA67FF4004D44E2 /* Products */;
			projectDirPath = "";
			projectRoot = "";
			targets = (
				42ABEFD61DA67FF4004D44E2 /* FindMyPi */,
			);
		};
/* End PBXProject section */

/* Begin PBXResourcesBuildPhase section */
		42ABEFD51DA67FF4004D44E2 /* Resources */ = {
			isa = PBXResourcesBuildPhase;
			buildActionMask = 2147483647;
			files = (
				42ABEFE41DA67FF4004D44E2 /* Assets.xcassets in Resources */,
				42ABEFE71DA67FF4004D44E2 /* Main.storyboard in Resources */,
			);
			runOnlyForDeploymentPostprocessing = 0;
		};
/* End PBXResourcesBuildPhase section */

/* Begin PBXSourcesBuildPhase section */
		42ABEFD31DA67FF4004D44E2 /* Sources */ = {
			isa = PBXSourcesBuildPhase;
			buildActionMask = 2147483647;
			files = (
				42ABEFE21DA67FF4004D44E2 /* ViewController.m in Sources */,
				422A033F1DAD138B009A5D72 /* RemoteMac.c in Sources */,
				42ABEFDF1DA67FF4004D44E2 /* main.m in Sources */,
				42ABEFDC1DA67FF4004D44E2 /* AppDelegate.m in Sources */,
				422A033C1DAD0909009A5D72 /* IPAddress.c in Sources */,
			);
			runOnlyForDeploymentPostprocessing = 0;
		};
/* End PBXSourcesBuildPhase section */

/* Begin PBXVariantGroup section */
		42ABEFE51DA67FF4004D44E2 /* Main.storyboard */ = {
			isa = PBXVariantGroup;
			children = (
				42ABEFE61DA67FF4004D44E2 /* Base */,
			);
			name = Main.storyboard;
			sourceTree = "<group>";
		};
/* End PBXVariantGroup section */

/* Begin XCBuildConfiguration section */
		42ABEFE91DA67FF4004D44E2 /* Debug */ = {
			isa = XCBuildConfiguration;
			buildSettings = {
				ALWAYS_SEARCH_USER_PATHS = NO;
				CLANG_ANALYZER_NONNULL = YES;
				CLANG_CXX_LANGUAGE_STANDARD = "gnu++0x";
				CLANG_CXX_LIBRARY = "libc++";
				CLANG_ENABLE_MODULES = YES;
				CLANG_ENABLE_OBJC_ARC = YES;
				CLANG_WARN_BOOL_CONVERSION = YES;
				CLANG_WARN_CONSTANT_CONVERSION = YES;
				CLANG_WARN_DIRECT_OBJC_ISA_USAGE = YES_ERROR;
				CLANG_WARN_DOCUMENTATION_COMMENTS = YES;
				CLANG_WARN_EMPTY_BODY = YES;
				CLANG_WARN_ENUM_CONVERSION = YES;
				CLANG_WARN_INFINITE_RECURSION = YES;
				CLANG_WARN_INT_CONVERSION = YES;
				CLANG_WARN_OBJC_ROOT_CLASS = YES_ERROR;
				CLANG_WARN_SUSPICIOUS_MOVES = YES;
				CLANG_WARN_UNREACHABLE_CODE = YES;
				CLANG_WARN__DUPLICATE_METHOD_MATCH = YES;
				CODE_SIGN_IDENTITY = "-";
				COPY_PHASE_STRIP = NO;
				DEBUG_INFORMATION_FORMAT = dwarf;
				ENABLE_STRICT_OBJC_MSGSEND = YES;
				ENABLE_TESTABILITY = YES;
				GCC_C_LANGUAGE_STANDARD = gnu99;
				GCC_DYNAMIC_NO_PIC = NO;
				GCC_NO_COMMON_BLOCKS = YES;
				GCC_OPTIMIZATION_LEVEL = 0;
				GCC_PREPROCESSOR_DEFINITIONS = (
					"DEBUG=1",
					"$(inherited)",
				);
				GCC_WARN_64_TO_32_BIT_CONVERSION = YES;
				GCC_WARN_ABOUT_RETURN_TYPE = YES_ERROR;
				GCC_WARN_UNDECLARED_SELECTOR = YES;
				GCC_WARN_UNINITIALIZED_AUTOS = YES_AGGRESSIVE;
				GCC_WARN_UNUSED_FUNCTION = YES;
				GCC_WARN_UNUSED_VARIABLE = YES;
				MACOSX_DEPLOYMENT_TARGET = 10.12;
				MTL_ENABLE_DEBUG_INFO = YES;
				ONLY_ACTIVE_ARCH = YES;
				SDKROOT = macosx;
			};
			name = Debug;
		};
		42ABEFEA1DA67FF4004D44E2 /* Release */ = {
			isa = XCBuildConfiguration;
			buildSettings = {
				ALWAYS_SEARCH_USER_PATHS = NO;
				CLANG_ANALYZER_NONNULL = YES;
				CLANG_CXX_LANGUAGE_STANDARD = "gnu++0x";
				CLANG_CXX_LIBRARY = "libc++";
				CLANG_ENABLE_MODULES = YES;
				CLANG_ENABLE_OBJC_ARC = YES;
				CLANG_WARN_BOOL_CONVERSION = YES;
				CLANG_WARN_CONSTANT_CONVERSION = YES;
				CLANG_WARN_DIRECT_OBJC_ISA_USAGE = YES_ERROR;
				CLANG_WARN_DOCUMENTATION_COMMENTS = YES;
				CLANG_WARN_EMPTY_BODY = YES;
				CLANG_WARN_ENUM_CONVERSION = YES;
				CLANG_WARN_INFINITE_RECURSION = YES;
				CLANG_WARN_INT_CONVERSION = YES;
				CLANG_WARN_OBJC_ROOT_CLASS = YES_ERROR;
				CLANG_WARN_SUSPICIOUS_MOVES = YES;
				CLANG_WARN_UNREACHABLE_CODE = YES;
				CLANG_WARN__DUPLICATE_METHOD_MATCH = YES;
				CODE_SIGN_IDENTITY = "-";
				COPY_PHASE_STRIP = NO;
				DEBUG_INFORMATION_FORMAT = "dwarf-with-dsym";
				ENABLE_NS_ASSERTIONS = NO;
				ENABLE_STRICT_OBJC_MSGSEND = YES;
				GCC_C_LANGUAGE_STANDARD = gnu99;
				GCC_NO_COMMON_BLOCKS = YES;
				GCC_WARN_64_TO_32_BIT_CONVERSION = YES;
				GCC_WARN_ABOUT_RETURN_TYPE = YES_ERROR;
				GCC_WARN_UNDECLARED_SELECTOR = YES;
				GCC_WARN_UNINITIALIZED_AUTOS = YES_AGGRESSIVE;
				GCC_WARN_UNUSED_FUNCTION = YES;
				GCC_WARN_UNUSED_VARIABLE = YES;
				MACOSX_DEPLOYMENT_TARGET = 10.12;
				MTL_ENABLE_DEBUG_INFO = NO;
				SDKROOT = macosx;
			};
			name = Release;
		};
		42ABEFEC1DA67FF4004D44E2 /* Debug */ = {
			isa = XCBuildConfiguration;
			buildSettings = {
				ASSETCATALOG_COMPILER_APPICON_NAME = AppIcon;
				CODE_SIGN_ENTITLEMENTS = FindMyPi/FindMyPi.entitlements;
				CODE_SIGN_IDENTITY = "Mac Developer";
				COMBINE_HIDPI_IMAGES = YES;
				DEVELOPMENT_TEAM = FTUT2Q4H5G;
				INFOPLIST_FILE = FindMyPi/Info.plist;
				LD_RUNPATH_SEARCH_PATHS = "$(inherited) @executable_path/../Frameworks";
				PRODUCT_BUNDLE_IDENTIFIER = "Justin-Snow.FindMyPi";
				PRODUCT_NAME = "$(TARGET_NAME)";
			};
			name = Debug;
		};
		42ABEFED1DA67FF4004D44E2 /* Release */ = {
			isa = XCBuildConfiguration;
			buildSettings = {
				ASSETCATALOG_COMPILER_APPICON_NAME = AppIcon;
				CODE_SIGN_ENTITLEMENTS = FindMyPi/FindMyPi.entitlements;
				CODE_SIGN_IDENTITY = "Mac Developer";
				COMBINE_HIDPI_IMAGES = YES;
				DEVELOPMENT_TEAM = FTUT2Q4H5G;
				INFOPLIST_FILE = FindMyPi/Info.plist;
				LD_RUNPATH_SEARCH_PATHS = "$(inherited) @executable_path/../Frameworks";
				PRODUCT_BUNDLE_IDENTIFIER = "Justin-Snow.FindMyPi";
				PRODUCT_NAME = "$(TARGET_NAME)";
			};
			name = Release;
		};
/* End XCBuildConfiguration section */

/* Begin XCConfigurationList section */
		42ABEFD21DA67FF4004D44E2 /* Build configuration list for PBXProject "FindMyPi" */ = {
			isa = XCConfigurationList;
			buildConfigurations = (
				42ABEFE91DA67FF4004D44E2 /* Debug */,
				42ABEFEA1DA67FF4004D44E2 /* Release */,
			);
			defaultConfigurationIsVisible = 0;
			defaultConfigurationName = Release;
		};
		42ABEFEB1DA67FF4004D44E2 /* Build configuration list for PBXNativeTarget "FindMyPi" */ = {
			isa = XCConfigurationList;
			buildConfigurations = (
				42ABEFEC1DA67FF4004D44E2 /* Debug */,
				42ABEFED1DA67FF4004D44E2 /* Release */,
			);
			defaultConfigurationIsVisible = 0;
			defaultConfigurationName = Release;
		};
/* End XCConfigurationList section */
	};
	rootObject = 42ABEFCF1DA67FF4004D44E2 /* Project object */;
}
